{
  "name": "NotesApp",
  "lockfileVersion": 2,
  "requires": true,
  "packages": {
    "": {
      "dependencies": {
        "@fontsource/poppins": "^4.5.8",
        "@fontsource/roboto": "^4.5.7"
      }
    },
    "node_modules/@fontsource/poppins": {
      "version": "4.5.8",
      "resolved": "https://registry.npmjs.org/@fontsource/poppins/-/poppins-4.5.8.tgz",
      "integrity": "sha512-HE9yLDxYJEcxooVrYvvEhtyxaYU32hQIx1+npKegVefceE0l0zi0ePqKWWxYxkFpyy6WuZSQ+9rai3INnYKEJA=="
    },
    "node_modules/@fontsource/roboto": {
      "version": "4.5.7",
      "resolved": "https://registry.npmjs.org/@fontsource/roboto/-/roboto-4.5.7.tgz",
      "integrity": "sha512-m57UMER23Mk6Drg9OjtHW1Y+0KPGyZfE5XJoPTOsLARLar6013kJj4X2HICt+iFLJqIgTahA/QAvSn9lwF1EEw=="
    }
  },
  "dependencies": {
    "@fontsource/poppins": {
      "version": "4.5.8",
      "resolved": "https://registry.npmjs.org/@fontsource/poppins/-/poppins-4.5.8.tgz",
      "integrity": "sha512-HE9yLDxYJEcxooVrYvvEhtyxaYU32hQIx1+npKegVefceE0l0zi0ePqKWWxYxkFpyy6WuZSQ+9rai3INnYKEJA=="
    },
    "@fontsource/roboto": {
      "version": "4.5.7",
      "resolved": "https://registry.npmjs.org/@fontsource/roboto/-/roboto-4.5.7.tgz",
      "integrity": "sha512-m57UMER23Mk6Drg9OjtHW1Y+0KPGyZfE5XJoPTOsLARLar6013kJj4X2HICt+iFLJqIgTahA/QAvSn9lwF1EEw=="
    }
  }
}
